// !$*UTF8*$!
{
	archiveVersion = 1;
	classes = {
	};
	objectVersion = 46;
	objects = {

/* Begin PBXBuildFile section */
		7A8C0860186FB40C008BDE1B /* Foundation.framework in Frameworks */ = {isa = PBXBuildFile; fileRef = 7A8C085F186FB40C008BDE1B /* Foundation.framework */; };
		7A8C0862186FB40C008BDE1B /* CoreGraphics.framework in Frameworks */ = {isa = PBXBuildFile; fileRef = 7A8C0861186FB40C008BDE1B /* CoreGraphics.framework */; };
		7A8C0864186FB40C008BDE1B /* UIKit.framework in Frameworks */ = {isa = PBXBuildFile; fileRef = 7A8C0863186FB40C008BDE1B /* UIKit.framework */; };
		7A8C086A186FB40C008BDE1B /* InfoPlist.strings in Resources */ = {isa = PBXBuildFile; fileRef = 7A8C0868186FB40C008BDE1B /* InfoPlist.strings */; };
		7A8C086C186FB40C008BDE1B /* main.m in Sources */ = {isa = PBXBuildFile; fileRef = 7A8C086B186FB40C008BDE1B /* main.m */; };
		7A8C0870186FB40C008BDE1B /* PBAppDelegate.m in Sources */ = {isa = PBXBuildFile; fileRef = 7A8C086F186FB40C008BDE1B /* PBAppDelegate.m */; };
		7A8C0873186FB40C008BDE1B /* Main.storyboard in Resources */ = {isa = PBXBuildFile; fileRef = 7A8C0871186FB40C008BDE1B /* Main.storyboard */; };
		7A8C0876186FB40C008BDE1B /* PBViewController.m in Sources */ = {isa = PBXBuildFile; fileRef = 7A8C0875186FB40C008BDE1B /* PBViewController.m */; };
		7A8C0878186FB40C008BDE1B /* Images.xcassets in Resources */ = {isa = PBXBuildFile; fileRef = 7A8C0877186FB40C008BDE1B /* Images.xcassets */; };
		7A8C087F186FB40C008BDE1B /* XCTest.framework in Frameworks */ = {isa = PBXBuildFile; fileRef = 7A8C087E186FB40C008BDE1B /* XCTest.framework */; };
		7A8C0880186FB40C008BDE1B /* Foundation.framework in Frameworks */ = {isa = PBXBuildFile; fileRef = 7A8C085F186FB40C008BDE1B /* Foundation.framework */; };
		7A8C0881186FB40C008BDE1B /* UIKit.framework in Frameworks */ = {isa = PBXBuildFile; fileRef = 7A8C0863186FB40C008BDE1B /* UIKit.framework */; };
		7A8C0889186FB40C008BDE1B /* InfoPlist.strings in Resources */ = {isa = PBXBuildFile; fileRef = 7A8C0887186FB40C008BDE1B /* InfoPlist.strings */; };
		7A8C088B186FB40C008BDE1B /* P_BombTests.m in Sources */ = {isa = PBXBuildFile; fileRef = 7A8C088A186FB40C008BDE1B /* P_BombTests.m */; };
		7A8C089518700FE3008BDE1B /* CoreTelephony.framework in Frameworks */ = {isa = PBXBuildFile; fileRef = 7A8C089418700FE3008BDE1B /* CoreTelephony.framework */; };
/* End PBXBuildFile section */

/* Begin PBXContainerItemProxy section */
		7A8C0882186FB40C008BDE1B /* PBXContainerItemProxy */ = {
			isa = PBXContainerItemProxy;
			containerPortal = 7A8C0854186FB40C008BDE1B /* Project object */;
			proxyType = 1;
			remoteGlobalIDString = 7A8C085B186FB40C008BDE1B;
			remoteInfo = "P-Bomb";
		};
/* End PBXContainerItemProxy section */

/* Begin PBXFileReference section */
		7A8C085C186FB40C008BDE1B /* P-Bomb.app */ = {isa = PBXFileReference; explicitFileType = wrapper.application; includeInIndex = 0; path = "P-Bomb.app"; sourceTree = BUILT_PRODUCTS_DIR; };
		7A8C085F186FB40C008BDE1B /* Foundation.framework */ = {isa = PBXFileReference; lastKnownFileType = wrapper.framework; name = Foundation.framework; path = System/Library/Frameworks/Foundation.framework; sourceTree = SDKROOT; };
		7A8C0861186FB40C008BDE1B /* CoreGraphics.framework */ = {isa = PBXFileReference; lastKnownFileType = wrapper.framework; name = CoreGraphics.framework; path = System/Library/Frameworks/CoreGraphics.framework; sourceTree = SDKROOT; };
		7A8C0863186FB40C008BDE1B /* UIKit.framework */ = {isa = PBXFileReference; lastKnownFileType = wrapper.framework; name = UIKit.framework; path = System/Library/Frameworks/UIKit.framework; sourceTree = SDKROOT; };
		7A8C0867186FB40C008BDE1B /* P-Bomb-Info.plist */ = {isa = PBXFileReference; lastKnownFileType = text.plist.xml; path = "P-Bomb-Info.plist"; sourceTree = "<group>"; };
		7A8C0869186FB40C008BDE1B /* en */ = {isa = PBXFileReference; lastKnownFileType = text.plist.strings; name = en; path = en.lproj/InfoPlist.strings; sourceTree = "<group>"; };
		7A8C086B186FB40C008BDE1B /* main.m */ = {isa = PBXFileReference; lastKnownFileType = sourcecode.c.objc; path = main.m; sourceTree = "<group>"; };
		7A8C086D186FB40C008BDE1B /* P-Bomb-Prefix.pch */ = {isa = PBXFileReference; lastKnownFileType = sourcecode.c.h; path = "P-Bomb-Prefix.pch"; sourceTree = "<group>"; };
		7A8C086E186FB40C008BDE1B /* PBAppDelegate.h */ = {isa = PBXFileReference; lastKnownFileType = sourcecode.c.h; path = PBAppDelegate.h; sourceTree = "<group>"; };
		7A8C086F186FB40C008BDE1B /* PBAppDelegate.m */ = {isa = PBXFileReference; lastKnownFileType = sourcecode.c.objc; path = PBAppDelegate.m; sourceTree = "<group>"; };
		7A8C0872186FB40C008BDE1B /* Base */ = {isa = PBXFileReference; lastKnownFileType = file.storyboard; name = Base; path = Base.lproj/Main.storyboard; sourceTree = "<group>"; };
		7A8C0874186FB40C008BDE1B /* PBViewController.h */ = {isa = PBXFileReference; lastKnownFileType = sourcecode.c.h; path = PBViewController.h; sourceTree = "<group>"; };
		7A8C0875186FB40C008BDE1B /* PBViewController.m */ = {isa = PBXFileReference; lastKnownFileType = sourcecode.c.objc; path = PBViewController.m; sourceTree = "<group>"; };
		7A8C0877186FB40C008BDE1B /* Images.xcassets */ = {isa = PBXFileReference; lastKnownFileType = folder.assetcatalog; path = Images.xcassets; sourceTree = "<group>"; };
		7A8C087D186FB40C008BDE1B /* P-BombTests.xctest */ = {isa = PBXFileReference; explicitFileType = wrapper.cfbundle; includeInIndex = 0; path = "P-BombTests.xctest"; sourceTree = BUILT_PRODUCTS_DIR; };
		7A8C087E186FB40C008BDE1B /* XCTest.framework */ = {isa = PBXFileReference; lastKnownFileType = wrapper.framework; name = XCTest.framework; path = Library/Frameworks/XCTest.framework; sourceTree = DEVELOPER_DIR; };
		7A8C0886186FB40C008BDE1B /* P-BombTests-Info.plist */ = {isa = PBXFileReference; lastKnownFileType = text.plist.xml; path = "P-BombTests-Info.plist"; sourceTree = "<group>"; };
		7A8C0888186FB40C008BDE1B /* en */ = {isa = PBXFileReference; lastKnownFileType = text.plist.strings; name = en; path = en.lproj/InfoPlist.strings; sourceTree = "<group>"; };
		7A8C088A186FB40C008BDE1B /* P_BombTests.m */ = {isa = PBXFileReference; lastKnownFileType = sourcecode.c.objc; path = P_BombTests.m; sourceTree = "<group>"; };
		7A8C089418700FE3008BDE1B /* CoreTelephony.framework */ = {isa = PBXFileReference; lastKnownFileType = wrapper.framework; name = CoreTelephony.framework; path = System/Library/Frameworks/CoreTelephony.framework; sourceTree = SDKROOT; };
/* End PBXFileReference section */

/* Begin PBXFrameworksBuildPhase section */
		7A8C0859186FB40C008BDE1B /* Frameworks */ = {
			isa = PBXFrameworksBuildPhase;
			buildActionMask = 2147483647;
			files = (
				7A8C089518700FE3008BDE1B /* CoreTelephony.framework in Frameworks */,
				7A8C0862186FB40C008BDE1B /* CoreGraphics.framework in Frameworks */,
				7A8C0864186FB40C008BDE1B /* UIKit.framework in Frameworks */,
				7A8C0860186FB40C008BDE1B /* Foundation.framework in Frameworks */,
			);
			runOnlyForDeploymentPostprocessing = 0;
		};
		7A8C087A186FB40C008BDE1B /* Frameworks */ = {
			isa = PBXFrameworksBuildPhase;
			buildActionMask = 2147483647;
			files = (
				7A8C087F186FB40C008BDE1B /* XCTest.framework in Frameworks */,
				7A8C0881186FB40C008BDE1B /* UIKit.framework in Frameworks */,
				7A8C0880186FB40C008BDE1B /* Foundation.framework in Frameworks */,
			);
			runOnlyForDeploymentPostprocessing = 0;
		};
/* End PBXFrameworksBuildPhase section */

/* Begin PBXGroup section */
		7A8C0853186FB40C008BDE1B = {
			isa = PBXGroup;
			children = (
				7A8C0865186FB40C008BDE1B /* P-Bomb */,
				7A8C0884186FB40C008BDE1B /* P-BombTests */,
				7A8C085E186FB40C008BDE1B /* Frameworks */,
				7A8C085D186FB40C008BDE1B /* Products */,
			);
			sourceTree = "<group>";
		};
		7A8C085D186FB40C008BDE1B /* Products */ = {
			isa = PBXGroup;
			children = (
				7A8C085C186FB40C008BDE1B /* P-Bomb.app */,
				7A8C087D186FB40C008BDE1B /* P-BombTests.xctest */,
			);
			name = Products;
			sourceTree = "<group>";
		};
		7A8C085E186FB40C008BDE1B /* Frameworks */ = {
			isa = PBXGroup;
			children = (
				7A8C089418700FE3008BDE1B /* CoreTelephony.framework */,
				7A8C085F186FB40C008BDE1B /* Foundation.framework */,
				7A8C0861186FB40C008BDE1B /* CoreGraphics.framework */,
				7A8C0863186FB40C008BDE1B /* UIKit.framework */,
				7A8C087E186FB40C008BDE1B /* XCTest.framework */,
			);
			name = Frameworks;
			sourceTree = "<group>";
		};
		7A8C0865186FB40C008BDE1B /* P-Bomb */ = {
			isa = PBXGroup;
			children = (
				7A8C086E186FB40C008BDE1B /* PBAppDelegate.h */,
				7A8C086F186FB40C008BDE1B /* PBAppDelegate.m */,
				7A8C0871186FB40C008BDE1B /* Main.storyboard */,
				7A8C0874186FB40C008BDE1B /* PBViewController.h */,
				7A8C0875186FB40C008BDE1B /* PBViewController.m */,
				7A8C0877186FB40C008BDE1B /* Images.xcassets */,
				7A8C0866186FB40C008BDE1B /* Supporting Files */,
			);
			path = "P-Bomb";
			sourceTree = "<group>";
		};
		7A8C0866186FB40C008BDE1B /* Supporting Files */ = {
			isa = PBXGroup;
			children = (
				7A8C0867186FB40C008BDE1B /* P-Bomb-Info.plist */,
				7A8C0868186FB40C008BDE1B /* InfoPlist.strings */,
				7A8C086B186FB40C008BDE1B /* main.m */,
				7A8C086D186FB40C008BDE1B /* P-Bomb-Prefix.pch */,
			);
			name = "Supporting Files";
			sourceTree = "<group>";
		};
		7A8C0884186FB40C008BDE1B /* P-BombTests */ = {
			isa = PBXGroup;
			children = (
				7A8C088A186FB40C008BDE1B /* P_BombTests.m */,
				7A8C0885186FB40C008BDE1B /* Supporting Files */,
			);
			path = "P-BombTests";
			sourceTree = "<group>";
		};
		7A8C0885186FB40C008BDE1B /* Supporting Files */ = {
			isa = PBXGroup;
			children = (
				7A8C0886186FB40C008BDE1B /* P-BombTests-Info.plist */,
				7A8C0887186FB40C008BDE1B /* InfoPlist.strings */,
			);
			name = "Supporting Files";
			sourceTree = "<group>";
		};
/* End PBXGroup section */

/* Begin PBXNativeTarget section */
		7A8C085B186FB40C008BDE1B /* P-Bomb */ = {
			isa = PBXNativeTarget;
			buildConfigurationList = 7A8C088E186FB40C008BDE1B /* Build configuration list for PBXNativeTarget "P-Bomb" */;
			buildPhases = (
				7A8C0858186FB40C008BDE1B /* Sources */,
				7A8C0859186FB40C008BDE1B /* Frameworks */,
				7A8C085A186FB40C008BDE1B /* Resources */,
			);
			buildRules = (
			);
			dependencies = (
			);
			name = "P-Bomb";
			productName = "P-Bomb";
			productReference = 7A8C085C186FB40C008BDE1B /* P-Bomb.app */;
			productType = "com.apple.product-type.application";
		};
		7A8C087C186FB40C008BDE1B /* P-BombTests */ = {
			isa = PBXNativeTarget;
			buildConfigurationList = 7A8C0891186FB40C008BDE1B /* Build configuration list for PBXNativeTarget "P-BombTests" */;
			buildPhases = (
				7A8C0879186FB40C008BDE1B /* Sources */,
				7A8C087A186FB40C008BDE1B /* Frameworks */,
				7A8C087B186FB40C008BDE1B /* Resources */,
			);
			buildRules = (
			);
			dependencies = (
				7A8C0883186FB40C008BDE1B /* PBXTargetDependency */,
			);
			name = "P-BombTests";
			productName = "P-BombTests";
			productReference = 7A8C087D186FB40C008BDE1B /* P-BombTests.xctest */;
			productType = "com.apple.product-type.bundle.unit-test";
		};
/* End PBXNativeTarget section */

/* Begin PBXProject section */
		7A8C0854186FB40C008BDE1B /* Project object */ = {
			isa = PBXProject;
			attributes = {
				CLASSPREFIX = PB;
				LastUpgradeCheck = 0500;
				ORGANIZATIONNAME = "Lost in Flight Studios";
				TargetAttributes = {
					7A8C087C186FB40C008BDE1B = {
						TestTargetID = 7A8C085B186FB40C008BDE1B;
					};
				};
			};
			buildConfigurationList = 7A8C0857186FB40C008BDE1B /* Build configuration list for PBXProject "P-Bomb" */;
			compatibilityVersion = "Xcode 3.2";
			developmentRegion = English;
			hasScannedForEncodings = 0;
			knownRegions = (
				en,
				Base,
			);
			mainGroup = 7A8C0853186FB40C008BDE1B;
			productRefGroup = 7A8C085D186FB40C008BDE1B /* Products */;
			projectDirPath = "";
			projectRoot = "";
			targets = (
				7A8C085B186FB40C008BDE1B /* P-Bomb */,
				7A8C087C186FB40C008BDE1B /* P-BombTests */,
			);
		};
/* End PBXProject section */

/* Begin PBXResourcesBuildPhase section */
		7A8C085A186FB40C008BDE1B /* Resources */ = {
			isa = PBXResourcesBuildPhase;
			buildActionMask = 2147483647;
			files = (
				7A8C0878186FB40C008BDE1B /* Images.xcassets in Resources */,
				7A8C086A186FB40C008BDE1B /* InfoPlist.strings in Resources */,
				7A8C0873186FB40C008BDE1B /* Main.storyboard in Resources */,
			);
			runOnlyForDeploymentPostprocessing = 0;
		};
		7A8C087B186FB40C008BDE1B /* Resources */ = {
			isa = PBXResourcesBuildPhase;
			buildActionMask = 2147483647;
			files = (
				7A8C0889186FB40C008BDE1B /* InfoPlist.strings in Resources */,
			);
			runOnlyForDeploymentPostprocessing = 0;
		};
/* End PBXResourcesBuildPhase section */

/* Begin PBXSourcesBuildPhase section */
		7A8C0858186FB40C008BDE1B /* Sources */ = {
			isa = PBXSourcesBuildPhase;
			buildActionMask = 2147483647;
			files = (
				7A8C0870186FB40C008BDE1B /* PBAppDelegate.m in Sources */,
				7A8C0876186FB40C008BDE1B /* PBViewController.m in Sources */,
				7A8C086C186FB40C008BDE1B /* main.m in Sources */,
			);
			runOnlyForDeploymentPostprocessing = 0;
		};
		7A8C0879186FB40C008BDE1B /* Sources */ = {
			isa = PBXSourcesBuildPhase;
			buildActionMask = 2147483647;
			files = (
				7A8C088B186FB40C008BDE1B /* P_BombTests.m in Sources */,
			);
			runOnlyForDeploymentPostprocessing = 0;
		};
/* End PBXSourcesBuildPhase section */

/* Begin PBXTargetDependency section */
		7A8C0883186FB40C008BDE1B /* PBXTargetDependency */ = {
			isa = PBXTargetDependency;
			target = 7A8C085B186FB40C008BDE1B /* P-Bomb */;
			targetProxy = 7A8C0882186FB40C008BDE1B /* PBXContainerItemProxy */;
		};
/* End PBXTargetDependency section */

/* Begin PBXVariantGroup section */
		7A8C0868186FB40C008BDE1B /* InfoPlist.strings */ = {
			isa = PBXVariantGroup;
			children = (
				7A8C0869186FB40C008BDE1B /* en */,
			);
			name = InfoPlist.strings;
			sourceTree = "<group>";
		};
		7A8C0871186FB40C008BDE1B /* Main.storyboard */ = {
			isa = PBXVariantGroup;
			children = (
				7A8C0872186FB40C008BDE1B /* Base */,
			);
			name = Main.storyboard;
			sourceTree = "<group>";
		};
		7A8C0887186FB40C008BDE1B /* InfoPlist.strings */ = {
			isa = PBXVariantGroup;
			children = (
				7A8C0888186FB40C008BDE1B /* en */,
			);
			name = InfoPlist.strings;
			sourceTree = "<group>";
		};
/* End PBXVariantGroup section */

/* Begin XCBuildConfiguration section */
		7A8C088C186FB40C008BDE1B /* Debug */ = {
			isa = XCBuildConfiguration;
			buildSettings = {
				ALWAYS_SEARCH_USER_PATHS = NO;
				ARCHS = "$(ARCHS_STANDARD_INCLUDING_64_BIT)";
				CLANG_CXX_LANGUAGE_STANDARD = "gnu++0x";
				CLANG_CXX_LIBRARY = "libc++";
				CLANG_ENABLE_MODULES = YES;
				CLANG_ENABLE_OBJC_ARC = YES;
				CLANG_WARN_BOOL_CONVERSION = YES;
				CLANG_WARN_CONSTANT_CONVERSION = YES;
				CLANG_WARN_DIRECT_OBJC_ISA_USAGE = YES_ERROR;
				CLANG_WARN_EMPTY_BODY = YES;
				CLANG_WARN_ENUM_CONVERSION = YES;
				CLANG_WARN_INT_CONVERSION = YES;
				CLANG_WARN_OBJC_ROOT_CLASS = YES_ERROR;
				CLANG_WARN__DUPLICATE_METHOD_MATCH = YES;
				"CODE_SIGN_IDENTITY[sdk=iphoneos*]" = "iPhone Developer";
				COPY_PHASE_STRIP = NO;
				GCC_C_LANGUAGE_STANDARD = gnu99;
				GCC_DYNAMIC_NO_PIC = NO;
				GCC_OPTIMIZATION_LEVEL = 0;
				GCC_PREPROCESSOR_DEFINITIONS = (
					"DEBUG=1",
					"$(inherited)",
				);
				GCC_SYMBOLS_PRIVATE_EXTERN = NO;
				GCC_WARN_64_TO_32_BIT_CONVERSION = YES;
				GCC_WARN_ABOUT_RETURN_TYPE = YES_ERROR;
				GCC_WARN_UNDECLARED_SELECTOR = YES;
				GCC_WARN_UNINITIALIZED_AUTOS = YES;
				GCC_WARN_UNUSED_FUNCTION = YES;
				GCC_WARN_UNUSED_VARIABLE = YES;
				IPHONEOS_DEPLOYMENT_TARGET = 7.0;
				ONLY_ACTIVE_ARCH = YES;
				SDKROOT = iphoneos;
			};
			name = Debug;
		};
		7A8C088D186FB40C008BDE1B /* Release */ = {
			isa = XCBuildConfiguration;
			buildSettings = {
				ALWAYS_SEARCH_USER_PATHS = NO;
				ARCHS = "$(ARCHS_STANDARD_INCLUDING_64_BIT)";
				CLANG_CXX_LANGUAGE_STANDARD = "gnu++0x";
				CLANG_CXX_LIBRARY = "libc++";
				CLANG_ENABLE_MODULES = YES;
				CLANG_ENABLE_OBJC_ARC = YES;
				CLANG_WARN_BOOL_CONVERSION = YES;
				CLANG_WARN_CONSTANT_CONVERSION = YES;
				CLANG_WARN_DIRECT_OBJC_ISA_USAGE = YES_ERROR;
				CLANG_WARN_EMPTY_BODY = YES;
				CLANG_WARN_ENUM_CONVERSION = YES;
				CLANG_WARN_INT_CONVERSION = YES;
				CLANG_WARN_OBJC_ROOT_CLASS = YES_ERROR;
				CLANG_WARN__DUPLICATE_METHOD_MATCH = YES;
				"CODE_SIGN_IDENTITY[sdk=iphoneos*]" = "iPhone Developer";
				COPY_PHASE_STRIP = YES;
				ENABLE_NS_ASSERTIONS = NO;
				GCC_C_LANGUAGE_STANDARD = gnu99;
				GCC_WARN_64_TO_32_BIT_CONVERSION = YES;
				GCC_WARN_ABOUT_RETURN_TYPE = YES_ERROR;
				GCC_WARN_UNDECLARED_SELECTOR = YES;
				GCC_WARN_UNINITIALIZED_AUTOS = YES;
				GCC_WARN_UNUSED_FUNCTION = YES;
				GCC_WARN_UNUSED_VARIABLE = YES;
				IPHONEOS_DEPLOYMENT_TARGET = 7.0;
				SDKROOT = iphoneos;
				VALIDATE_PRODUCT = YES;
			};
			name = Release;
		};
		7A8C088F186FB40C008BDE1B /* Debug */ = {
			isa = XCBuildConfiguration;
			buildSettings = {
				ASSETCATALOG_COMPILER_APPICON_NAME = AppIcon;
				ASSETCATALOG_COMPILER_LAUNCHIMAGE_NAME = LaunchImage;
				GCC_PRECOMPILE_PREFIX_HEADER = YES;
				GCC_PREFIX_HEADER = "P-Bomb/P-Bomb-Prefix.pch";
				INFOPLIST_FILE = "P-Bomb/P-Bomb-Info.plist";
				PRODUCT_NAME = "$(TARGET_NAME)";
				WRAPPER_EXTENSION = app;
			};
			name = Debug;
		};
		7A8C0890186FB40C008BDE1B /* Release */ = {
			isa = XCBuildConfiguration;
			buildSettings = {
				ASSETCATALOG_COMPILER_APPICON_NAME = AppIcon;
				ASSETCATALOG_COMPILER_LAUNCHIMAGE_NAME = LaunchImage;
				GCC_PRECOMPILE_PREFIX_HEADER = YES;
				GCC_PREFIX_HEADER = "P-Bomb/P-Bomb-Prefix.pch";
				INFOPLIST_FILE = "P-Bomb/P-Bomb-Info.plist";
				PRODUCT_NAME = "$(TARGET_NAME)";
				WRAPPER_EXTENSION = app;
			};
			name = Release;
		};
		7A8C0892186FB40C008BDE1B /* Debug */ = {
			isa = XCBuildConfiguration;
			buildSettings = {
				ARCHS = "$(ARCHS_STANDARD_INCLUDING_64_BIT)";
				BUNDLE_LOADER = "$(BUILT_PRODUCTS_DIR)/P-Bomb.app/P-Bomb";
				FRAMEWORK_SEARCH_PATHS = (
					"$(SDKROOT)/Developer/Library/Frameworks",
					"$(inherited)",
					"$(DEVELOPER_FRAMEWORKS_DIR)",
				);
				GCC_PRECOMPILE_PREFIX_HEADER = YES;
				GCC_PREFIX_HEADER = "P-Bomb/P-Bomb-Prefix.pch";
				GCC_PREPROCESSOR_DEFINITIONS = (
					"DEBUG=1",
					"$(inherited)",
				);
				INFOPLIST_FILE = "P-BombTests/P-BombTests-Info.plist";
				PRODUCT_NAME = "$(TARGET_NAME)";
				TEST_HOST = "$(BUNDLE_LOADER)";
				WRAPPER_EXTENSION = xctest;
			};
			name = Debug;
		};
		7A8C0893186FB40C008BDE1B /* Release */ = {
			isa = XCBuildConfiguration;
			buildSettings = {
				ARCHS = "$(ARCHS_STANDARD_INCLUDING_64_BIT)";
				BUNDLE_LOADER = "$(BUILT_PRODUCTS_DIR)/P-Bomb.app/P-Bomb";
				FRAMEWORK_SEARCH_PATHS = (
					"$(SDKROOT)/Developer/Library/Frameworks",
					"$(inherited)",
					"$(DEVELOPER_FRAMEWORKS_DIR)",
				);
				GCC_PRECOMPILE_PREFIX_HEADER = YES;
				GCC_PREFIX_HEADER = "P-Bomb/P-Bomb-Prefix.pch";
				INFOPLIST_FILE = "P-BombTests/P-BombTests-Info.plist";
				PRODUCT_NAME = "$(TARGET_NAME)";
				TEST_HOST = "$(BUNDLE_LOADER)";
				WRAPPER_EXTENSION = xctest;
			};
			name = Release;
		};
/* End XCBuildConfiguration section */

/* Begin XCConfigurationList section */
		7A8C0857186FB40C008BDE1B /* Build configuration list for PBXProject "P-Bomb" */ = {
			isa = XCConfigurationList;
			buildConfigurations = (
				7A8C088C186FB40C008BDE1B /* Debug */,
				7A8C088D186FB40C008BDE1B /* Release */,
			);
			defaultConfigurationIsVisible = 0;
			defaultConfigurationName = Release;
		};
		7A8C088E186FB40C008BDE1B /* Build configuration list for PBXNativeTarget "P-Bomb" */ = {
			isa = XCConfigurationList;
			buildConfigurations = (
				7A8C088F186FB40C008BDE1B /* Debug */,
				7A8C0890186FB40C008BDE1B /* Release */,
			);
			defaultConfigurationIsVisible = 0;
		};
		7A8C0891186FB40C008BDE1B /* Build configuration list for PBXNativeTarget "P-BombTests" */ = {
			isa = XCConfigurationList;
			buildConfigurations = (
				7A8C0892186FB40C008BDE1B /* Debug */,
				7A8C0893186FB40C008BDE1B /* Release */,
			);
			defaultConfigurationIsVisible = 0;
		};
/* End XCConfigurationList section */
	};
	rootObject = 7A8C0854186FB40C008BDE1B /* Project object */;
}
